
Microsoft Visual Studio Solution File, Format Version 12.00
# Visual Studio Version 17
VisualStudioVersion = 17.3.32901.215
MinimumVisualStudioVersion = 10.0.40219.1
Project("{FAE04EC0-301F-11D3-BF4B-00C04F79EFBC}") = "EmployeeCRUD", "EmployeeCRUD.csproj", "{62E9B546-4F7C-4D14-9400-AA7B910AA17A}"
EndProject
Global
	GlobalSection(SolutionConfigurationPlatforms) = preSolution
		Debug|Any CPU = Debug|Any CPU
		Release|Any CPU = Release|Any CPU
	EndGlobalSection
	GlobalSection(ProjectConfigurationPlatforms) = postSolution
		{62E9B546-4F7C-4D14-9400-AA7B910AA17A}.Debug|Any CPU.ActiveCfg = Debug|Any CPU
		{62E9B546-4F7C-4D14-9400-AA7B910AA17A}.Debug|Any CPU.Build.0 = Debug|Any CPU
		{62E9B546-4F7C-4D14-9400-AA7B910AA17A}.Release|Any CPU.ActiveCfg = Release|Any CPU
		{62E9B546-4F7C-4D14-9400-AA7B910AA17A}.Release|Any CPU.Build.0 = Release|Any CPU
	EndGlobalSection
	GlobalSection(SolutionProperties) = preSolution
		HideSolutionNode = FALSE
	EndGlobalSection
	GlobalSection(ExtensibilityGlobals) = postSolution
		SolutionGuid = {B51E7E2F-C260-4E08-B4B2-D5E105A38EA9}
	EndGlobalSection
EndGlobal
